// !$*UTF8*$!
{
	archiveVersion = 1;
	classes = {
	};
	objectVersion = 55;
	objects = {

/* Begin PBXBuildFile section */
		FDAE74C02709820C0032A919 /* AppDelegate.swift in Sources */ = {isa = PBXBuildFile; fileRef = FDAE74BF2709820C0032A919 /* AppDelegate.swift */; };
		FDAE74C22709820C0032A919 /* SceneDelegate.swift in Sources */ = {isa = PBXBuildFile; fileRef = FDAE74C12709820C0032A919 /* SceneDelegate.swift */; };
		FDAE74C42709820C0032A919 /* RandomPersonViewController.swift in Sources */ = {isa = PBXBuildFile; fileRef = FDAE74C32709820C0032A919 /* RandomPersonViewController.swift */; };
		FDAE74C72709820C0032A919 /* Main.storyboard in Resources */ = {isa = PBXBuildFile; fileRef = FDAE74C52709820C0032A919 /* Main.storyboard */; };
		FDAE74C92709820F0032A919 /* Assets.xcassets in Resources */ = {isa = PBXBuildFile; fileRef = FDAE74C82709820F0032A919 /* Assets.xcassets */; };
		FDAE74CC2709820F0032A919 /* LaunchScreen.storyboard in Resources */ = {isa = PBXBuildFile; fileRef = FDAE74CA2709820F0032A919 /* LaunchScreen.storyboard */; };
		FDAE74D7270984730032A919 /* NetworkManager.swift in Sources */ = {isa = PBXBuildFile; fileRef = FDAE74D6270984730032A919 /* NetworkManager.swift */; };
		FDAE74DA270984970032A919 /* Contact.swift in Sources */ = {isa = PBXBuildFile; fileRef = FDAE74D9270984970032A919 /* Contact.swift */; };
		FDAE74DD270984C10032A919 /* StorageManager.swift in Sources */ = {isa = PBXBuildFile; fileRef = FDAE74DC270984C10032A919 /* StorageManager.swift */; };
		FDAE74DF270984D20032A919 /* Routes.swift in Sources */ = {isa = PBXBuildFile; fileRef = FDAE74DE270984D20032A919 /* Routes.swift */; };
		FDAE74E12709DFF20032A919 /* ImageManager.swift in Sources */ = {isa = PBXBuildFile; fileRef = FDAE74E02709DFF20032A919 /* ImageManager.swift */; };
		FDAE74E32709E2D10032A919 /* CachedImageView.swift in Sources */ = {isa = PBXBuildFile; fileRef = FDAE74E22709E2D10032A919 /* CachedImageView.swift */; };
		FDAE74E6270AC6590032A919 /* FavouritesListViewController.swift in Sources */ = {isa = PBXBuildFile; fileRef = FDAE74E5270AC6590032A919 /* FavouritesListViewController.swift */; };
		FDAE74E8270ACA440032A919 /* FavouriteTableViewCell.swift in Sources */ = {isa = PBXBuildFile; fileRef = FDAE74E7270ACA440032A919 /* FavouriteTableViewCell.swift */; };
		FDAE74EA270AD8C90032A919 /* DetailedViewController.swift in Sources */ = {isa = PBXBuildFile; fileRef = FDAE74E9270AD8C80032A919 /* DetailedViewController.swift */; };
/* End PBXBuildFile section */

/* Begin PBXFileReference section */
		FDAE74BC2709820C0032A919 /* PersonsRandomGenerator.app */ = {isa = PBXFileReference; explicitFileType = wrapper.application; includeInIndex = 0; path = PersonsRandomGenerator.app; sourceTree = BUILT_PRODUCTS_DIR; };
		FDAE74BF2709820C0032A919 /* AppDelegate.swift */ = {isa = PBXFileReference; lastKnownFileType = sourcecode.swift; path = AppDelegate.swift; sourceTree = "<group>"; };
		FDAE74C12709820C0032A919 /* SceneDelegate.swift */ = {isa = PBXFileReference; lastKnownFileType = sourcecode.swift; path = SceneDelegate.swift; sourceTree = "<group>"; };
		FDAE74C32709820C0032A919 /* RandomPersonViewController.swift */ = {isa = PBXFileReference; lastKnownFileType = sourcecode.swift; path = RandomPersonViewController.swift; sourceTree = "<group>"; };
		FDAE74C62709820C0032A919 /* Base */ = {isa = PBXFileReference; lastKnownFileType = file.storyboard; name = Base; path = Base.lproj/Main.storyboard; sourceTree = "<group>"; };
		FDAE74C82709820F0032A919 /* Assets.xcassets */ = {isa = PBXFileReference; lastKnownFileType = folder.assetcatalog; path = Assets.xcassets; sourceTree = "<group>"; };
		FDAE74CB2709820F0032A919 /* Base */ = {isa = PBXFileReference; lastKnownFileType = file.storyboard; name = Base; path = Base.lproj/LaunchScreen.storyboard; sourceTree = "<group>"; };
		FDAE74CD2709820F0032A919 /* Info.plist */ = {isa = PBXFileReference; lastKnownFileType = text.plist.xml; path = Info.plist; sourceTree = "<group>"; };
		FDAE74D6270984730032A919 /* NetworkManager.swift */ = {isa = PBXFileReference; lastKnownFileType = sourcecode.swift; path = NetworkManager.swift; sourceTree = "<group>"; };
		FDAE74D9270984970032A919 /* Contact.swift */ = {isa = PBXFileReference; lastKnownFileType = sourcecode.swift; path = Contact.swift; sourceTree = "<group>"; };
		FDAE74DC270984C10032A919 /* StorageManager.swift */ = {isa = PBXFileReference; lastKnownFileType = sourcecode.swift; path = StorageManager.swift; sourceTree = "<group>"; };
		FDAE74DE270984D20032A919 /* Routes.swift */ = {isa = PBXFileReference; lastKnownFileType = sourcecode.swift; path = Routes.swift; sourceTree = "<group>"; };
		FDAE74E02709DFF20032A919 /* ImageManager.swift */ = {isa = PBXFileReference; lastKnownFileType = sourcecode.swift; path = ImageManager.swift; sourceTree = "<group>"; };
		FDAE74E22709E2D10032A919 /* CachedImageView.swift */ = {isa = PBXFileReference; lastKnownFileType = sourcecode.swift; path = CachedImageView.swift; sourceTree = "<group>"; };
		FDAE74E5270AC6590032A919 /* FavouritesListViewController.swift */ = {isa = PBXFileReference; lastKnownFileType = sourcecode.swift; path = FavouritesListViewController.swift; sourceTree = "<group>"; };
		FDAE74E7270ACA440032A919 /* FavouriteTableViewCell.swift */ = {isa = PBXFileReference; lastKnownFileType = sourcecode.swift; path = FavouriteTableViewCell.swift; sourceTree = "<group>"; };
		FDAE74E9270AD8C80032A919 /* DetailedViewController.swift */ = {isa = PBXFileReference; lastKnownFileType = sourcecode.swift; path = DetailedViewController.swift; sourceTree = "<group>"; };
/* End PBXFileReference section */

/* Begin PBXFrameworksBuildPhase section */
		FDAE74B92709820C0032A919 /* Frameworks */ = {
			isa = PBXFrameworksBuildPhase;
			buildActionMask = 2147483647;
			files = (
			);
			runOnlyForDeploymentPostprocessing = 0;
		};
/* End PBXFrameworksBuildPhase section */

/* Begin PBXGroup section */
		FDAE74B32709820C0032A919 = {
			isa = PBXGroup;
			children = (
				FDAE74BE2709820C0032A919 /* PersonsRandomGenerator */,
				FDAE74BD2709820C0032A919 /* Products */,
			);
			sourceTree = "<group>";
		};
		FDAE74BD2709820C0032A919 /* Products */ = {
			isa = PBXGroup;
			children = (
				FDAE74BC2709820C0032A919 /* PersonsRandomGenerator.app */,
			);
			name = Products;
			sourceTree = "<group>";
		};
		FDAE74BE2709820C0032A919 /* PersonsRandomGenerator */ = {
			isa = PBXGroup;
			children = (
				FDAE74D3270982350032A919 /* App */,
				FDAE74D52709825C0032A919 /* ViewControllers */,
				FDAE74C82709820F0032A919 /* Assets.xcassets */,
				FDAE74E42709E2D70032A919 /* Views */,
				FDAE74DB2709849D0032A919 /* Models */,
				FDAE74D8270984780032A919 /* Services */,
				FDAE74D4270982490032A919 /* Storyboards */,
			);
			path = PersonsRandomGenerator;
			sourceTree = "<group>";
		};
		FDAE74D3270982350032A919 /* App */ = {
			isa = PBXGroup;
			children = (
				FDAE74BF2709820C0032A919 /* AppDelegate.swift */,
				FDAE74C12709820C0032A919 /* SceneDelegate.swift */,
				FDAE74CD2709820F0032A919 /* Info.plist */,
			);
			path = App;
			sourceTree = "<group>";
		};
		FDAE74D4270982490032A919 /* Storyboards */ = {
			isa = PBXGroup;
			children = (
				FDAE74CA2709820F0032A919 /* LaunchScreen.storyboard */,
				FDAE74C52709820C0032A919 /* Main.storyboard */,
			);
			path = Storyboards;
			sourceTree = "<group>";
		};
		FDAE74D52709825C0032A919 /* ViewControllers */ = {
			isa = PBXGroup;
			children = (
				FDAE74C32709820C0032A919 /* RandomPersonViewController.swift */,
				FDAE74E5270AC6590032A919 /* FavouritesListViewController.swift */,
				FDAE74E9270AD8C80032A919 /* DetailedViewController.swift */,
			);
			path = ViewControllers;
			sourceTree = "<group>";
		};
		FDAE74D8270984780032A919 /* Services */ = {
			isa = PBXGroup;
			children = (
				FDAE74D6270984730032A919 /* NetworkManager.swift */,
				FDAE74E02709DFF20032A919 /* ImageManager.swift */,
				FDAE74DC270984C10032A919 /* StorageManager.swift */,
				FDAE74DE270984D20032A919 /* Routes.swift */,
			);
			path = Services;
			sourceTree = "<group>";
		};
		FDAE74DB2709849D0032A919 /* Models */ = {
			isa = PBXGroup;
			children = (
				FDAE74D9270984970032A919 /* Contact.swift */,
			);
			path = Models;
			sourceTree = "<group>";
		};
		FDAE74E42709E2D70032A919 /* Views */ = {
			isa = PBXGroup;
			children = (
				FDAE74E22709E2D10032A919 /* CachedImageView.swift */,
				FDAE74E7270ACA440032A919 /* FavouriteTableViewCell.swift */,
			);
			path = Views;
			sourceTree = "<group>";
		};
/* End PBXGroup section */

/* Begin PBXNativeTarget section */
		FDAE74BB2709820C0032A919 /* PersonsRandomGenerator */ = {
			isa = PBXNativeTarget;
			buildConfigurationList = FDAE74D02709820F0032A919 /* Build configuration list for PBXNativeTarget "PersonsRandomGenerator" */;
			buildPhases = (
				FDAE74B82709820C0032A919 /* Sources */,
				FDAE74B92709820C0032A919 /* Frameworks */,
				FDAE74BA2709820C0032A919 /* Resources */,
			);
			buildRules = (
			);
			dependencies = (
			);
			name = PersonsRandomGenerator;
			productName = PersonsRandomGenerator;
			productReference = FDAE74BC2709820C0032A919 /* PersonsRandomGenerator.app */;
			productType = "com.apple.product-type.application";
		};
/* End PBXNativeTarget section */

/* Begin PBXProject section */
		FDAE74B42709820C0032A919 /* Project object */ = {
			isa = PBXProject;
			attributes = {
				BuildIndependentTargetsInParallel = 1;
				LastSwiftUpdateCheck = 1300;
				LastUpgradeCheck = 1300;
				TargetAttributes = {
					FDAE74BB2709820C0032A919 = {
						CreatedOnToolsVersion = 13.0;
					};
				};
			};
			buildConfigurationList = FDAE74B72709820C0032A919 /* Build configuration list for PBXProject "PersonsRandomGenerator" */;
			compatibilityVersion = "Xcode 13.0";
			developmentRegion = en;
			hasScannedForEncodings = 0;
			knownRegions = (
				en,
				Base,
			);
			mainGroup = FDAE74B32709820C0032A919;
			productRefGroup = FDAE74BD2709820C0032A919 /* Products */;
			projectDirPath = "";
			projectRoot = "";
			targets = (
				FDAE74BB2709820C0032A919 /* PersonsRandomGenerator */,
			);
		};
/* End PBXProject section */

/* Begin PBXResourcesBuildPhase section */
		FDAE74BA2709820C0032A919 /* Resources */ = {
			isa = PBXResourcesBuildPhase;
			buildActionMask = 2147483647;
			files = (
				FDAE74CC2709820F0032A919 /* LaunchScreen.storyboard in Resources */,
				FDAE74C92709820F0032A919 /* Assets.xcassets in Resources */,
				FDAE74C72709820C0032A919 /* Main.storyboard in Resources */,
			);
			runOnlyForDeploymentPostprocessing = 0;
		};
/* End PBXResourcesBuildPhase section */

/* Begin PBXSourcesBuildPhase section */
		FDAE74B82709820C0032A919 /* Sources */ = {
			isa = PBXSourcesBuildPhase;
			buildActionMask = 2147483647;
			files = (
				FDAE74D7270984730032A919 /* NetworkManager.swift in Sources */,
				FDAE74DF270984D20032A919 /* Routes.swift in Sources */,
				FDAE74EA270AD8C90032A919 /* DetailedViewController.swift in Sources */,
				FDAE74C42709820C0032A919 /* RandomPersonViewController.swift in Sources */,
				FDAE74E12709DFF20032A919 /* ImageManager.swift in Sources */,
				FDAE74E8270ACA440032A919 /* FavouriteTableViewCell.swift in Sources */,
				FDAE74E6270AC6590032A919 /* FavouritesListViewController.swift in Sources */,
				FDAE74DA270984970032A919 /* Contact.swift in Sources */,
				FDAE74DD270984C10032A919 /* StorageManager.swift in Sources */,
				FDAE74C02709820C0032A919 /* AppDelegate.swift in Sources */,
				FDAE74E32709E2D10032A919 /* CachedImageView.swift in Sources */,
				FDAE74C22709820C0032A919 /* SceneDelegate.swift in Sources */,
			);
			runOnlyForDeploymentPostprocessing = 0;
		};
/* End PBXSourcesBuildPhase section */

/* Begin PBXVariantGroup section */
		FDAE74C52709820C0032A919 /* Main.storyboard */ = {
			isa = PBXVariantGroup;
			children = (
				FDAE74C62709820C0032A919 /* Base */,
			);
			name = Main.storyboard;
			sourceTree = "<group>";
		};
		FDAE74CA2709820F0032A919 /* LaunchScreen.storyboard */ = {
			isa = PBXVariantGroup;
			children = (
				FDAE74CB2709820F0032A919 /* Base */,
			);
			name = LaunchScreen.storyboard;
			sourceTree = "<group>";
		};
/* End PBXVariantGroup section */

/* Begin XCBuildConfiguration section */
		FDAE74CE2709820F0032A919 /* Debug */ = {
			isa = XCBuildConfiguration;
			buildSettings = {
				ALWAYS_SEARCH_USER_PATHS = NO;
				CLANG_ANALYZER_NONNULL = YES;
				CLANG_ANALYZER_NUMBER_OBJECT_CONVERSION = YES_AGGRESSIVE;
				CLANG_CXX_LANGUAGE_STANDARD = "gnu++17";
				CLANG_CXX_LIBRARY = "libc++";
				CLANG_ENABLE_MODULES = YES;
				CLANG_ENABLE_OBJC_ARC = YES;
				CLANG_ENABLE_OBJC_WEAK = YES;
				CLANG_WARN_BLOCK_CAPTURE_AUTORELEASING = YES;
				CLANG_WARN_BOOL_CONVERSION = YES;
				CLANG_WARN_COMMA = YES;
				CLANG_WARN_CONSTANT_CONVERSION = YES;
				CLANG_WARN_DEPRECATED_OBJC_IMPLEMENTATIONS = YES;
				CLANG_WARN_DIRECT_OBJC_ISA_USAGE = YES_ERROR;
				CLANG_WARN_DOCUMENTATION_COMMENTS = YES;
				CLANG_WARN_EMPTY_BODY = YES;
				CLANG_WARN_ENUM_CONVERSION = YES;
				CLANG_WARN_INFINITE_RECURSION = YES;
				CLANG_WARN_INT_CONVERSION = YES;
				CLANG_WARN_NON_LITERAL_NULL_CONVERSION = YES;
				CLANG_WARN_OBJC_IMPLICIT_RETAIN_SELF = YES;
				CLANG_WARN_OBJC_LITERAL_CONVERSION = YES;
				CLANG_WARN_OBJC_ROOT_CLASS = YES_ERROR;
				CLANG_WARN_QUOTED_INCLUDE_IN_FRAMEWORK_HEADER = YES;
				CLANG_WARN_RANGE_LOOP_ANALYSIS = YES;
				CLANG_WARN_STRICT_PROTOTYPES = YES;
				CLANG_WARN_SUSPICIOUS_MOVE = YES;
				CLANG_WARN_UNGUARDED_AVAILABILITY = YES_AGGRESSIVE;
				CLANG_WARN_UNREACHABLE_CODE = YES;
				CLANG_WARN__DUPLICATE_METHOD_MATCH = YES;
				COPY_PHASE_STRIP = NO;
				DEBUG_INFORMATION_FORMAT = dwarf;
				ENABLE_STRICT_OBJC_MSGSEND = YES;
				ENABLE_TESTABILITY = YES;
				GCC_C_LANGUAGE_STANDARD = gnu11;
				GCC_DYNAMIC_NO_PIC = NO;
				GCC_NO_COMMON_BLOCKS = YES;
				GCC_OPTIMIZATION_LEVEL = 0;
				GCC_PREPROCESSOR_DEFINITIONS = (
					"DEBUG=1",
					"$(inherited)",
				);
				GCC_WARN_64_TO_32_BIT_CONVERSION = YES;
				GCC_WARN_ABOUT_RETURN_TYPE = YES_ERROR;
				GCC_WARN_UNDECLARED_SELECTOR = YES;
				GCC_WARN_UNINITIALIZED_AUTOS = YES_AGGRESSIVE;
				GCC_WARN_UNUSED_FUNCTION = YES;
				GCC_WARN_UNUSED_VARIABLE = YES;
				IPHONEOS_DEPLOYMENT_TARGET = 15.0;
				MTL_ENABLE_DEBUG_INFO = INCLUDE_SOURCE;
				MTL_FAST_MATH = YES;
				ONLY_ACTIVE_ARCH = YES;
				SDKROOT = iphoneos;
				SWIFT_ACTIVE_COMPILATION_CONDITIONS = DEBUG;
				SWIFT_OPTIMIZATION_LEVEL = "-Onone";
			};
			name = Debug;
		};
		FDAE74CF2709820F0032A919 /* Release */ = {
			isa = XCBuildConfiguration;
			buildSettings = {
				ALWAYS_SEARCH_USER_PATHS = NO;
				CLANG_ANALYZER_NONNULL = YES;
				CLANG_ANALYZER_NUMBER_OBJECT_CONVERSION = YES_AGGRESSIVE;
				CLANG_CXX_LANGUAGE_STANDARD = "gnu++17";
				CLANG_CXX_LIBRARY = "libc++";
				CLANG_ENABLE_MODULES = YES;
				CLANG_ENABLE_OBJC_ARC = YES;
				CLANG_ENABLE_OBJC_WEAK = YES;
				CLANG_WARN_BLOCK_CAPTURE_AUTORELEASING = YES;
				CLANG_WARN_BOOL_CONVERSION = YES;
				CLANG_WARN_COMMA = YES;
				CLANG_WARN_CONSTANT_CONVERSION = YES;
				CLANG_WARN_DEPRECATED_OBJC_IMPLEMENTATIONS = YES;
				CLANG_WARN_DIRECT_OBJC_ISA_USAGE = YES_ERROR;
				CLANG_WARN_DOCUMENTATION_COMMENTS = YES;
				CLANG_WARN_EMPTY_BODY = YES;
				CLANG_WARN_ENUM_CONVERSION = YES;
				CLANG_WARN_INFINITE_RECURSION = YES;
				CLANG_WARN_INT_CONVERSION = YES;
				CLANG_WARN_NON_LITERAL_NULL_CONVERSION = YES;
				CLANG_WARN_OBJC_IMPLICIT_RETAIN_SELF = YES;
				CLANG_WARN_OBJC_LITERAL_CONVERSION = YES;
				CLANG_WARN_OBJC_ROOT_CLASS = YES_ERROR;
				CLANG_WARN_QUOTED_INCLUDE_IN_FRAMEWORK_HEADER = YES;
				CLANG_WARN_RANGE_LOOP_ANALYSIS = YES;
				CLANG_WARN_STRICT_PROTOTYPES = YES;
				CLANG_WARN_SUSPICIOUS_MOVE = YES;
				CLANG_WARN_UNGUARDED_AVAILABILITY = YES_AGGRESSIVE;
				CLANG_WARN_UNREACHABLE_CODE = YES;
				CLANG_WARN__DUPLICATE_METHOD_MATCH = YES;
				COPY_PHASE_STRIP = NO;
				DEBUG_INFORMATION_FORMAT = "dwarf-with-dsym";
				ENABLE_NS_ASSERTIONS = NO;
				ENABLE_STRICT_OBJC_MSGSEND = YES;
				GCC_C_LANGUAGE_STANDARD = gnu11;
				GCC_NO_COMMON_BLOCKS = YES;
				GCC_WARN_64_TO_32_BIT_CONVERSION = YES;
				GCC_WARN_ABOUT_RETURN_TYPE = YES_ERROR;
				GCC_WARN_UNDECLARED_SELECTOR = YES;
				GCC_WARN_UNINITIALIZED_AUTOS = YES_AGGRESSIVE;
				GCC_WARN_UNUSED_FUNCTION = YES;
				GCC_WARN_UNUSED_VARIABLE = YES;
				IPHONEOS_DEPLOYMENT_TARGET = 15.0;
				MTL_ENABLE_DEBUG_INFO = NO;
				MTL_FAST_MATH = YES;
				SDKROOT = iphoneos;
				SWIFT_COMPILATION_MODE = wholemodule;
				SWIFT_OPTIMIZATION_LEVEL = "-O";
				VALIDATE_PRODUCT = YES;
			};
			name = Release;
		};
		FDAE74D12709820F0032A919 /* Debug */ = {
			isa = XCBuildConfiguration;
			buildSettings = {
				ASSETCATALOG_COMPILER_APPICON_NAME = AppIcon;
				ASSETCATALOG_COMPILER_GLOBAL_ACCENT_COLOR_NAME = AccentColor;
				CODE_SIGN_STYLE = Automatic;
				CURRENT_PROJECT_VERSION = 1;
				DEVELOPMENT_TEAM = 93336KV4Q7;
				GENERATE_INFOPLIST_FILE = YES;
				INFOPLIST_FILE = PersonsRandomGenerator/App/Info.plist;
				INFOPLIST_KEY_UIApplicationSupportsIndirectInputEvents = YES;
				INFOPLIST_KEY_UILaunchStoryboardName = LaunchScreen;
				INFOPLIST_KEY_UIMainStoryboardFile = Main;
				INFOPLIST_KEY_UISupportedInterfaceOrientations_iPad = "UIInterfaceOrientationPortrait UIInterfaceOrientationPortraitUpsideDown UIInterfaceOrientationLandscapeLeft UIInterfaceOrientationLandscapeRight";
				INFOPLIST_KEY_UISupportedInterfaceOrientations_iPhone = "UIInterfaceOrientationPortrait UIInterfaceOrientationLandscapeLeft UIInterfaceOrientationLandscapeRight";
				LD_RUNPATH_SEARCH_PATHS = (
					"$(inherited)",
					"@executable_path/Frameworks",
				);
				MARKETING_VERSION = 1.0;
				PRODUCT_BUNDLE_IDENTIFIER = com.nadzeya.shpakouskaya.PersonsRandomGenerator;
				PRODUCT_NAME = "$(TARGET_NAME)";
				SWIFT_EMIT_LOC_STRINGS = YES;
				SWIFT_VERSION = 5.0;
				TARGETED_DEVICE_FAMILY = "1,2";
			};
			name = Debug;
		};
		FDAE74D22709820F0032A919 /* Release */ = {
			isa = XCBuildConfiguration;
			buildSettings = {
				ASSETCATALOG_COMPILER_APPICON_NAME = AppIcon;
				ASSETCATALOG_COMPILER_GLOBAL_ACCENT_COLOR_NAME = AccentColor;
				CODE_SIGN_STYLE = Automatic;
				CURRENT_PROJECT_VERSION = 1;
				DEVELOPMENT_TEAM = 93336KV4Q7;
				GENERATE_INFOPLIST_FILE = YES;
				INFOPLIST_FILE = PersonsRandomGenerator/App/Info.plist;
				INFOPLIST_KEY_UIApplicationSupportsIndirectInputEvents = YES;
				INFOPLIST_KEY_UILaunchStoryboardName = LaunchScreen;
				INFOPLIST_KEY_UIMainStoryboardFile = Main;
				INFOPLIST_KEY_UISupportedInterfaceOrientations_iPad = "UIInterfaceOrientationPortrait UIInterfaceOrientationPortraitUpsideDown UIInterfaceOrientationLandscapeLeft UIInterfaceOrientationLandscapeRight";
				INFOPLIST_KEY_UISupportedInterfaceOrientations_iPhone = "UIInterfaceOrientationPortrait UIInterfaceOrientationLandscapeLeft UIInterfaceOrientationLandscapeRight";
				LD_RUNPATH_SEARCH_PATHS = (
					"$(inherited)",
					"@executable_path/Frameworks",
				);
				MARKETING_VERSION = 1.0;
				PRODUCT_BUNDLE_IDENTIFIER = com.nadzeya.shpakouskaya.PersonsRandomGenerator;
				PRODUCT_NAME = "$(TARGET_NAME)";
				SWIFT_EMIT_LOC_STRINGS = YES;
				SWIFT_VERSION = 5.0;
				TARGETED_DEVICE_FAMILY = "1,2";
			};
			name = Release;
		};
/* End XCBuildConfiguration section */

/* Begin XCConfigurationList section */
		FDAE74B72709820C0032A919 /* Build configuration list for PBXProject "PersonsRandomGenerator" */ = {
			isa = XCConfigurationList;
			buildConfigurations = (
				FDAE74CE2709820F0032A919 /* Debug */,
				FDAE74CF2709820F0032A919 /* Release */,
			);
			defaultConfigurationIsVisible = 0;
			defaultConfigurationName = Release;
		};
		FDAE74D02709820F0032A919 /* Build configuration list for PBXNativeTarget "PersonsRandomGenerator" */ = {
			isa = XCConfigurationList;
			buildConfigurations = (
				FDAE74D12709820F0032A919 /* Debug */,
				FDAE74D22709820F0032A919 /* Release */,
			);
			defaultConfigurationIsVisible = 0;
			defaultConfigurationName = Release;
		};
/* End XCConfigurationList section */
	};
	rootObject = FDAE74B42709820C0032A919 /* Project object */;
}
